
Microsoft Visual Studio Solution File, Format Version 12.00
Project("{FAE04EC0-301F-11D3-BF4B-00C04F79EFBC}") = "MyApps", "MyApps\MyApps.csproj", "{A895E2A9-39B0-4C46-A9BA-D807B229B0E2}"
EndProject
Project("{FAE04EC0-301F-11D3-BF4B-00C04F79EFBC}") = "MyApps.SetupBuilder", "MyApps.SetupBuilder\MyApps.SetupBuilder.csproj", "{423C821E-270C-4CB1-8F56-2050607E776E}"
EndProject
Global
	GlobalSection(SolutionConfigurationPlatforms) = preSolution
		Debug|Any CPU = Debug|Any CPU
		Release|Any CPU = Release|Any CPU
	EndGlobalSection
	GlobalSection(ProjectConfigurationPlatforms) = postSolution
		{A895E2A9-39B0-4C46-A9BA-D807B229B0E2}.Debug|Any CPU.ActiveCfg = Debug|Any CPU
		{A895E2A9-39B0-4C46-A9BA-D807B229B0E2}.Debug|Any CPU.Build.0 = Debug|Any CPU
		{A895E2A9-39B0-4C46-A9BA-D807B229B0E2}.Release|Any CPU.ActiveCfg = Release|Any CPU
		{A895E2A9-39B0-4C46-A9BA-D807B229B0E2}.Release|Any CPU.Build.0 = Release|Any CPU
		{423C821E-270C-4CB1-8F56-2050607E776E}.Debug|Any CPU.ActiveCfg = Debug|Any CPU
		{423C821E-270C-4CB1-8F56-2050607E776E}.Debug|Any CPU.Build.0 = Debug|Any CPU
		{423C821E-270C-4CB1-8F56-2050607E776E}.Release|Any CPU.ActiveCfg = Release|Any CPU
		{423C821E-270C-4CB1-8F56-2050607E776E}.Release|Any CPU.Build.0 = Release|Any CPU
	EndGlobalSection
EndGlobal
